
Microsoft Visual Studio Solution File, Format Version 12.00
# Visual Studio 15
VisualStudioVersion = 15.0.28307.421
MinimumVisualStudioVersion = 10.0.40219.1
Project("{FAE04EC0-301F-11D3-BF4B-00C04F79EFBC}") = "Inventory.PresentationLayer", "Inventory.PresentationLayer\Inventory.PresentationLayer.csproj", "{08A5F926-005A-4E48-912D-AA76644BC742}"
EndProject
Global
	GlobalSection(SolutionConfigurationPlatforms) = preSolution
		Debug|Any CPU = Debug|Any CPU
		Release|Any CPU = Release|Any CPU
	EndGlobalSection
	GlobalSection(ProjectConfigurationPlatforms) = postSolution
		{08A5F926-005A-4E48-912D-AA76644BC742}.Debug|Any CPU.ActiveCfg = Debug|Any CPU
		{08A5F926-005A-4E48-912D-AA76644BC742}.Debug|Any CPU.Build.0 = Debug|Any CPU
		{08A5F926-005A-4E48-912D-AA76644BC742}.Release|Any CPU.ActiveCfg = Release|Any CPU
		{08A5F926-005A-4E48-912D-AA76644BC742}.Release|Any CPU.Build.0 = Release|Any CPU
	EndGlobalSection
	GlobalSection(SolutionProperties) = preSolution
		HideSolutionNode = FALSE
	EndGlobalSection
	GlobalSection(ExtensibilityGlobals) = postSolution
		SolutionGuid = {83901133-6116-4910-A32F-E745CC19AA69}
	EndGlobalSection
EndGlobal
